
Microsoft Visual Studio Solution File, Format Version 12.00
# Visual Studio 15
VisualStudioVersion = 15.0.28307.329
MinimumVisualStudioVersion = 10.0.40219.1
Project("{FAE04EC0-301F-11D3-BF4B-00C04F79EFBC}") = "NetCore", "NetCore\NetCore.csproj", "{40685D44-BCD5-4C89-8752-89D18DB4C087}"
EndProject
Project("{FAE04EC0-301F-11D3-BF4B-00C04F79EFBC}") = "NetFramework472", "NetFramework472\NetFramework472.csproj", "{4F520436-F9E1-456D-90DB-7CD617968EFD}"
EndProject
Project("{FAE04EC0-301F-11D3-BF4B-00C04F79EFBC}") = "NetFramework462", "NetFramework462\NetFramework462.csproj", "{ED96CE3E-46C8-496F-BD25-D6154352BA81}"
EndProject
Global
	GlobalSection(SolutionConfigurationPlatforms) = preSolution
		Debug|Any CPU = Debug|Any CPU
		Release|Any CPU = Release|Any CPU
	EndGlobalSection
	GlobalSection(ProjectConfigurationPlatforms) = postSolution
		{40685D44-BCD5-4C89-8752-89D18DB4C087}.Debug|Any CPU.ActiveCfg = Debug|Any CPU
		{40685D44-BCD5-4C89-8752-89D18DB4C087}.Debug|Any CPU.Build.0 = Debug|Any CPU
		{40685D44-BCD5-4C89-8752-89D18DB4C087}.Release|Any CPU.ActiveCfg = Release|Any CPU
		{40685D44-BCD5-4C89-8752-89D18DB4C087}.Release|Any CPU.Build.0 = Release|Any CPU
		{4F520436-F9E1-456D-90DB-7CD617968EFD}.Debug|Any CPU.ActiveCfg = Debug|Any CPU
		{4F520436-F9E1-456D-90DB-7CD617968EFD}.Debug|Any CPU.Build.0 = Debug|Any CPU
		{4F520436-F9E1-456D-90DB-7CD617968EFD}.Release|Any CPU.ActiveCfg = Release|Any CPU
		{4F520436-F9E1-456D-90DB-7CD617968EFD}.Release|Any CPU.Build.0 = Release|Any CPU
		{ED96CE3E-46C8-496F-BD25-D6154352BA81}.Debug|Any CPU.ActiveCfg = Debug|Any CPU
		{ED96CE3E-46C8-496F-BD25-D6154352BA81}.Debug|Any CPU.Build.0 = Debug|Any CPU
		{ED96CE3E-46C8-496F-BD25-D6154352BA81}.Release|Any CPU.ActiveCfg = Release|Any CPU
		{ED96CE3E-46C8-496F-BD25-D6154352BA81}.Release|Any CPU.Build.0 = Release|Any CPU
	EndGlobalSection
	GlobalSection(SolutionProperties) = preSolution
		HideSolutionNode = FALSE
	EndGlobalSection
	GlobalSection(ExtensibilityGlobals) = postSolution
		SolutionGuid = {B299FD1A-633C-41E1-8186-388FB01D36DF}
	EndGlobalSection
EndGlobal
